
Microsoft Visual Studio Solution File, Format Version 12.00
# Visual Studio Version 17
VisualStudioVersion = 17.8.34316.72
MinimumVisualStudioVersion = 10.0.40219.1
Project("{FAE04EC0-301F-11D3-BF4B-00C04F79EFBC}") = "pr15", "pr15.csproj", "{89164B02-D832-4A38-A258-C47855D4DC7D}"
EndProject
Global
	GlobalSection(SolutionConfigurationPlatforms) = preSolution
		Debug|Any CPU = Debug|Any CPU
		Release|Any CPU = Release|Any CPU
	EndGlobalSection
	GlobalSection(ProjectConfigurationPlatforms) = postSolution
		{89164B02-D832-4A38-A258-C47855D4DC7D}.Debug|Any CPU.ActiveCfg = Debug|Any CPU
		{89164B02-D832-4A38-A258-C47855D4DC7D}.Debug|Any CPU.Build.0 = Debug|Any CPU
		{89164B02-D832-4A38-A258-C47855D4DC7D}.Release|Any CPU.ActiveCfg = Release|Any CPU
		{89164B02-D832-4A38-A258-C47855D4DC7D}.Release|Any CPU.Build.0 = Release|Any CPU
	EndGlobalSection
	GlobalSection(SolutionProperties) = preSolution
		HideSolutionNode = FALSE
	EndGlobalSection
	GlobalSection(ExtensibilityGlobals) = postSolution
		SolutionGuid = {EE99143E-C621-45DD-8974-A2A77BE6E4FE}
	EndGlobalSection
EndGlobal
